
Microsoft Visual Studio Solution File, Format Version 12.00
# Visual Studio Version 16
VisualStudioVersion = 16.0.30717.126
MinimumVisualStudioVersion = 10.0.40219.1
Project("{FAE04EC0-301F-11D3-BF4B-00C04F79EFBC}") = "KeyLua", "KeyLua\KeyLua.csproj", "{F6805FB0-9E08-4CB4-AFB3-A1FC2A63E94D}"
EndProject
Global
	GlobalSection(SolutionConfigurationPlatforms) = preSolution
		Debug|Any CPU = Debug|Any CPU
		Release|Any CPU = Release|Any CPU
	EndGlobalSection
	GlobalSection(ProjectConfigurationPlatforms) = postSolution
		{F6805FB0-9E08-4CB4-AFB3-A1FC2A63E94D}.Debug|Any CPU.ActiveCfg = Debug|Any CPU
		{F6805FB0-9E08-4CB4-AFB3-A1FC2A63E94D}.Debug|Any CPU.Build.0 = Debug|Any CPU
		{F6805FB0-9E08-4CB4-AFB3-A1FC2A63E94D}.Release|Any CPU.ActiveCfg = Release|Any CPU
		{F6805FB0-9E08-4CB4-AFB3-A1FC2A63E94D}.Release|Any CPU.Build.0 = Release|Any CPU
	EndGlobalSection
	GlobalSection(SolutionProperties) = preSolution
		HideSolutionNode = FALSE
	EndGlobalSection
	GlobalSection(ExtensibilityGlobals) = postSolution
		SolutionGuid = {B4E7217E-EDD6-44A9-A8CE-1D6F4284A540}
	EndGlobalSection
EndGlobal
